{
  "name": "Dev",
  "lockfileVersion": 3,
  "requires": true,
  "packages": {
    "": {
      "dependencies": {
        "@tylertech/tyler-icons": "^1.18.1"
      }
    },
    "node_modules/@tylertech/tyler-icons": {
      "version": "1.18.1",
      "resolved": "https://registry.npmjs.org/@tylertech/tyler-icons/-/tyler-icons-1.18.1.tgz",
      "integrity": "sha512-bsan57yKOiLxL/s02RaRW2QQUx7fZwcdV9TcyiM+8xEG+v3Q5GPMqc82FJUBP/TzuLt6aXepw0sH+a43/ufT4Q==",
      "license": "Apache-2.0"
    }
  }
}
